
Microsoft Visual Studio Solution File, Format Version 12.00
# Visual Studio Version 16
VisualStudioVersion = 16.0.30114.105
MinimumVisualStudioVersion = 10.0.40219.1
Project("{FAE04EC0-301F-11D3-BF4B-00C04F79EFBC}") = "HelloWorld", "HelloWorld\HelloWorld.csproj", "{2DCD85A7-71E4-48EF-8902-6AB7D87F4271}"
EndProject
Project("{2150E333-8FDC-42A3-9474-1A3956D46DE8}") = "CursoCsharp", "CursoCsharp", "{B5F98E73-6F10-4D1C-A498-5D857F35C55A}"
EndProject
Project("{FAE04EC0-301F-11D3-BF4B-00C04F79EFBC}") = "Section13", "CursoCsharp\Section13\Section13.csproj", "{F05AB11D-98C0-4846-A8E7-1CE65914BE4D}"
EndProject
Global
	GlobalSection(SolutionConfigurationPlatforms) = preSolution
		Debug|Any CPU = Debug|Any CPU
		Release|Any CPU = Release|Any CPU
	EndGlobalSection
	GlobalSection(SolutionProperties) = preSolution
		HideSolutionNode = FALSE
	EndGlobalSection
	GlobalSection(ProjectConfigurationPlatforms) = postSolution
		{2DCD85A7-71E4-48EF-8902-6AB7D87F4271}.Debug|Any CPU.ActiveCfg = Debug|Any CPU
		{2DCD85A7-71E4-48EF-8902-6AB7D87F4271}.Debug|Any CPU.Build.0 = Debug|Any CPU
		{2DCD85A7-71E4-48EF-8902-6AB7D87F4271}.Release|Any CPU.ActiveCfg = Release|Any CPU
		{2DCD85A7-71E4-48EF-8902-6AB7D87F4271}.Release|Any CPU.Build.0 = Release|Any CPU
		{F05AB11D-98C0-4846-A8E7-1CE65914BE4D}.Debug|Any CPU.ActiveCfg = Debug|Any CPU
		{F05AB11D-98C0-4846-A8E7-1CE65914BE4D}.Debug|Any CPU.Build.0 = Debug|Any CPU
		{F05AB11D-98C0-4846-A8E7-1CE65914BE4D}.Release|Any CPU.ActiveCfg = Release|Any CPU
		{F05AB11D-98C0-4846-A8E7-1CE65914BE4D}.Release|Any CPU.Build.0 = Release|Any CPU
	EndGlobalSection
	GlobalSection(NestedProjects) = preSolution
		{F05AB11D-98C0-4846-A8E7-1CE65914BE4D} = {B5F98E73-6F10-4D1C-A498-5D857F35C55A}
	EndGlobalSection
EndGlobal
