
Microsoft Visual Studio Solution File, Format Version 12.00
# Visual Studio Version 16
VisualStudioVersion = 16.0.30114.105
MinimumVisualStudioVersion = 10.0.40219.1
Project("{FAE04EC0-301F-11D3-BF4B-00C04F79EFBC}") = "HelloWorld", "HelloWorld\HelloWorld.csproj", "{7929DBBF-F585-4552-A7E2-02032C032D91}"
EndProject
Project("{2150E333-8FDC-42A3-9474-1A3956D46DE8}") = "CursoCsharp", "CursoCsharp", "{B3B414A5-67B2-4D47-96F0-40AC64D153C5}"
EndProject
Project("{FAE04EC0-301F-11D3-BF4B-00C04F79EFBC}") = "Section11", "CursoCsharp\Section11\Section11.csproj", "{03B84C89-C6E6-4FCB-AD78-D8A01851C00E}"
EndProject
Project("{FAE04EC0-301F-11D3-BF4B-00C04F79EFBC}") = "Section14", "CursoCsharp\Section14\Section14.csproj", "{CC89C747-5924-4F96-B444-A3CC66F64F66}"
EndProject
Project("{FAE04EC0-301F-11D3-BF4B-00C04F79EFBC}") = "Section13", "CursoCsharp\Section13\Section13.csproj", "{799890DC-6A40-4C92-B850-4DCB36BDA259}"
EndProject
Global
	GlobalSection(SolutionConfigurationPlatforms) = preSolution
		Debug|Any CPU = Debug|Any CPU
		Release|Any CPU = Release|Any CPU
	EndGlobalSection
	GlobalSection(SolutionProperties) = preSolution
		HideSolutionNode = FALSE
	EndGlobalSection
	GlobalSection(ProjectConfigurationPlatforms) = postSolution
		{7929DBBF-F585-4552-A7E2-02032C032D91}.Debug|Any CPU.ActiveCfg = Debug|Any CPU
		{7929DBBF-F585-4552-A7E2-02032C032D91}.Debug|Any CPU.Build.0 = Debug|Any CPU
		{7929DBBF-F585-4552-A7E2-02032C032D91}.Release|Any CPU.ActiveCfg = Release|Any CPU
		{7929DBBF-F585-4552-A7E2-02032C032D91}.Release|Any CPU.Build.0 = Release|Any CPU
		{03B84C89-C6E6-4FCB-AD78-D8A01851C00E}.Debug|Any CPU.ActiveCfg = Debug|Any CPU
		{03B84C89-C6E6-4FCB-AD78-D8A01851C00E}.Debug|Any CPU.Build.0 = Debug|Any CPU
		{03B84C89-C6E6-4FCB-AD78-D8A01851C00E}.Release|Any CPU.ActiveCfg = Release|Any CPU
		{03B84C89-C6E6-4FCB-AD78-D8A01851C00E}.Release|Any CPU.Build.0 = Release|Any CPU
		{CC89C747-5924-4F96-B444-A3CC66F64F66}.Debug|Any CPU.ActiveCfg = Debug|Any CPU
		{CC89C747-5924-4F96-B444-A3CC66F64F66}.Debug|Any CPU.Build.0 = Debug|Any CPU
		{CC89C747-5924-4F96-B444-A3CC66F64F66}.Release|Any CPU.ActiveCfg = Release|Any CPU
		{CC89C747-5924-4F96-B444-A3CC66F64F66}.Release|Any CPU.Build.0 = Release|Any CPU
		{799890DC-6A40-4C92-B850-4DCB36BDA259}.Debug|Any CPU.ActiveCfg = Debug|Any CPU
		{799890DC-6A40-4C92-B850-4DCB36BDA259}.Debug|Any CPU.Build.0 = Debug|Any CPU
		{799890DC-6A40-4C92-B850-4DCB36BDA259}.Release|Any CPU.ActiveCfg = Release|Any CPU
		{799890DC-6A40-4C92-B850-4DCB36BDA259}.Release|Any CPU.Build.0 = Release|Any CPU
	EndGlobalSection
	GlobalSection(NestedProjects) = preSolution
		{03B84C89-C6E6-4FCB-AD78-D8A01851C00E} = {B3B414A5-67B2-4D47-96F0-40AC64D153C5}
		{CC89C747-5924-4F96-B444-A3CC66F64F66} = {B3B414A5-67B2-4D47-96F0-40AC64D153C5}
		{799890DC-6A40-4C92-B850-4DCB36BDA259} = {B3B414A5-67B2-4D47-96F0-40AC64D153C5}
	EndGlobalSection
EndGlobal
